# This file is automatically @generated by Cargo.
# It is not intended for manual editing.
version = 4

[[package]]
name = "is_prime_reduce"
version = "0.1.0"
dependencies = [
 "miden",
]

[[package]]
name = "miden"
version = "0.0.7"
source = "git+https://github.com/0xPolygonMiden/compiler#a0364a9f4955b89369e2c9568b75e41490f9df03"
dependencies = [
 "miden-base-sys",
 "miden-sdk-alloc",
 "miden-stdlib-sys",
]

[[package]]
name = "miden-base-sys"
version = "0.0.7"
source = "git+https://github.com/0xPolygonMiden/compiler#a0364a9f4955b89369e2c9568b75e41490f9df03"
dependencies = [
 "miden-stdlib-sys",
]

[[package]]
name = "miden-sdk-alloc"
version = "0.0.7"
source = "git+https://github.com/0xPolygonMiden/compiler#a0364a9f4955b89369e2c9568b75e41490f9df03"

[[package]]
name = "miden-stdlib-sys"
version = "0.0.7"
source = "git+https://github.com/0xPolygonMiden/compiler#a0364a9f4955b89369e2c9568b75e41490f9df03"
