# This file is automatically @generated by Cargo.
# It is not intended for manual editing.
version = 3

[[package]]
name = "miden"
version = "0.0.7"
dependencies = [
 "miden-base-sys",
 "miden-sdk-alloc",
 "miden-stdlib-sys",
]

[[package]]
name = "miden-base-sys"
version = "0.0.7"
dependencies = [
 "miden-stdlib-sys",
]

[[package]]
name = "miden-sdk-account-test"
version = "0.0.0"
dependencies = [
 "miden",
]

[[package]]
name = "miden-sdk-alloc"
version = "0.0.7"

[[package]]
name = "miden-stdlib-sys"
version = "0.0.7"
