# This file is automatically @generated by Cargo.
# It is not intended for manual editing.
version = 4

[[package]]
name = "miden"
version = "0.0.8"
dependencies = [
 "miden-base-sys",
 "miden-sdk-alloc",
 "miden-stdlib-sys",
]

[[package]]
name = "miden-base-sys"
version = "0.0.8"
dependencies = [
 "miden-stdlib-sys",
]

[[package]]
name = "miden-sdk-alloc"
version = "0.0.8"

[[package]]
name = "miden-stdlib-sys"
version = "0.0.8"

[[package]]
name = "pure-rust-add"
version = "0.1.0"
dependencies = [
 "miden",
]
